
Microsoft Visual Studio Solution File, Format Version 12.00
# Visual Studio 15
VisualStudioVersion = 15.0.26730.12
MinimumVisualStudioVersion = 10.0.40219.1
Project("{FAE04EC0-301F-11D3-BF4B-00C04F79EFBC}") = "HelpdeskDAL", "HelpdeskDAL\HelpdeskDAL.csproj", "{48F1233A-BA06-49DF-BFD4-CB44A55F36EA}"
EndProject
Project("{FAE04EC0-301F-11D3-BF4B-00C04F79EFBC}") = "CaseStudyTests", "CaseStudyTests\CaseStudyTests.csproj", "{FACBD49F-0201-41B5-8F50-FC44343E4D8B}"
EndProject
Global
	GlobalSection(SolutionConfigurationPlatforms) = preSolution
		Debug|Any CPU = Debug|Any CPU
		Release|Any CPU = Release|Any CPU
	EndGlobalSection
	GlobalSection(ProjectConfigurationPlatforms) = postSolution
		{48F1233A-BA06-49DF-BFD4-CB44A55F36EA}.Debug|Any CPU.ActiveCfg = Debug|Any CPU
		{48F1233A-BA06-49DF-BFD4-CB44A55F36EA}.Debug|Any CPU.Build.0 = Debug|Any CPU
		{48F1233A-BA06-49DF-BFD4-CB44A55F36EA}.Release|Any CPU.ActiveCfg = Release|Any CPU
		{48F1233A-BA06-49DF-BFD4-CB44A55F36EA}.Release|Any CPU.Build.0 = Release|Any CPU
		{FACBD49F-0201-41B5-8F50-FC44343E4D8B}.Debug|Any CPU.ActiveCfg = Debug|Any CPU
		{FACBD49F-0201-41B5-8F50-FC44343E4D8B}.Debug|Any CPU.Build.0 = Debug|Any CPU
		{FACBD49F-0201-41B5-8F50-FC44343E4D8B}.Release|Any CPU.ActiveCfg = Release|Any CPU
		{FACBD49F-0201-41B5-8F50-FC44343E4D8B}.Release|Any CPU.Build.0 = Release|Any CPU
	EndGlobalSection
	GlobalSection(SolutionProperties) = preSolution
		HideSolutionNode = FALSE
	EndGlobalSection
	GlobalSection(ExtensibilityGlobals) = postSolution
		SolutionGuid = {86E7A313-DB81-41EC-813F-82790D1FD284}
	EndGlobalSection
EndGlobal
